PODS:
  - Action (2.2.1):
    - RxCocoa (~> 3.0)
    - RxSwift (~> 3.0)
  - Alamofire (4.4.0)
  - CryptoSwift (0.6.8)
  - Dollar (6.2.0)
  - Fakery (2.0.0)
  - Keys (1.0.0)
  - Kingfisher (3.6.0)
  - Moya (8.0.3):
    - Moya/Core (= 8.0.3)
  - Moya-ObjectMapper/Core (2.3.1):
    - Moya (~> 8.0)
    - ObjectMapper (~> 2.2)
  - Moya-ObjectMapper/RxSwift (2.3.1):
    - Moya-ObjectMapper/Core
    - Moya/RxSwift
    - RxSwift (~> 3.1)
  - Moya/Core (8.0.3):
    - Alamofire (~> 4.1)
    - Result (~> 3.0)
  - Moya/RxSwift (8.0.3):
    - Moya/Core
    - RxSwift (~> 3.0)
  - Nimble (6.1.0)
  - NSObject+Rx (2.0.0):
    - RxSwift
  - ObjectMapper (2.2.5)
  - Quick (1.1.0)
  - Realm (2.4.4):
    - Realm/Headers (= 2.4.4)
  - Realm/Headers (2.4.4)
  - RealmSwift (2.4.4):
    - Realm (= 2.4.4)
  - Result (3.2.1)
  - Reusable (4.0.0):
    - Reusable/Storyboard (= 4.0.0)
    - Reusable/View (= 4.0.0)
  - Reusable/Storyboard (4.0.0)
  - Reusable/View (4.0.0)
  - RxCocoa (3.3.1):
    - RxSwift (~> 3.3)
  - RxDataSources (1.0.3):
    - RxCocoa (~> 3.0)
    - RxSwift (~> 3.0)
  - RxRealm (0.5.2):
    - RealmSwift (~> 2.4)
    - RxSwift (~> 3.1)
  - RxSwift (3.3.1)
  - SnapKit (3.2.0)
  - SwiftGen (4.2.0)
  - SwiftIconFont (2.6.0)

DEPENDENCIES:
  - Action (~> 2.2.1)
  - CryptoSwift
  - Dollar
  - Fakery
  - Keys (from `Pods/CocoaPodsKeys`)
  - Kingfisher
  - Moya-ObjectMapper/RxSwift
  - Moya/RxSwift
  - Nimble
  - NSObject+Rx (~> 2.0)
  - ObjectMapper
  - Quick
  - RealmSwift (~> 2.4)
  - Reusable
  - RxCocoa (~> 3.2)
  - RxDataSources (~> 1.0.2)
  - RxRealm (~> 0.5.1)
  - RxSwift (~> 3.2)
  - SnapKit
  - SwiftGen
  - SwiftIconFont

EXTERNAL SOURCES:
  Keys:
    :path: Pods/CocoaPodsKeys

SPEC CHECKSUMS:
  Action: 93c6c9eec95eb76428b2d49a6d260466c2f71b7e
  Alamofire: dc44b1600b800eb63da6a19039a0083d62a6a62d
  CryptoSwift: f21ea03ed3a94e79d241648ce26652cd4810508a
  Dollar: da81aacae30cf7dd059bfdfec709e97f2f0ae2f8
  Fakery: 97b99c23937d2e025d9135c75e2b17351ccd5031
  Keys: 9c35bf00f612ee1d48556f4a4b9b4551e224e90f
  Kingfisher: 300035f9a40634dc9b452d946c9f22250688fecd
  Moya: d3721622e3cc0cc2f038d69a258686f0b66e7252
  Moya-ObjectMapper: 952be2b261d38cf8d973b7e429708eb03d256e23
  Nimble: c53e6903fee94041b90ded74f135820437d8bf59
  NSObject+Rx: 2a9cd801d9c847e6d2486cbad8d7701b67834e70
  ObjectMapper: fb30f71e08470d1e5a20b199fafe1246281db898
  Quick: dafc587e21eed9f4cab3249b9f9015b0b7a7f71d
  Realm: 5a280a1f5a9a3c267bebf4f41ee47911137703d7
  RealmSwift: 0c02b9f2d4be4301c497ed10e53a0580584eb1dd
  Result: 2453a22e5c5b11c0c3a478736e82cd02f763b781
  Reusable: 98e5fff1e0e2e00872199699b276dde08ee56c07
  RxCocoa: 7dcb7a1860fc9cd0e23dae67ab105fc2916670b6
  RxDataSources: a021a0e944ba5f7991259829d973afdbfa719c0b
  RxRealm: df024f04e64c3a9723dab63a6ec8621b3db6473f
  RxSwift: 8fc9f2de6275a9101d518444e00bf32f1a42caac
  SnapKit: 1ca44df72cfa543218d177cb8aab029d10d86ea7
  SwiftGen: b6bfed151243348e4603b91bf5bc4eb2486c9d5b
  SwiftIconFont: bbe1f32e1e16bac87dad8566afc80132cb8d072c

PODFILE CHECKSUM: bddf5403ad7d3e6bda0e98e7596e82d1cee738bc

COCOAPODS: 1.1.1
