<?xml version="1.0" encoding="UTF-8"?>
<Scheme
   LastUpgradeVersion = "0700"
   version = "1.3">
   <BuildAction
      parallelizeBuildables = "YES"
      buildImplicitDependencies = "YES">
      <BuildActionEntries>
         <BuildActionEntry
            buildForAnalyzing = "YES"
            buildForTesting = "NO"
            buildForRunning = "YES"
            buildForProfiling = "YES"
            buildForArchiving = "YES">
            <BuildableReference
               BuildableIdentifier = 'primary'
               BlueprintIdentifier = '6DDB1BA75D1DA1BC74B371A7'
               BlueprintName = 'Marvel'
               ReferencedContainer = 'container:Marvel.xcodeproj'
               BuildableName = 'Marvel.app'>
            </BuildableReference>
         </BuildActionEntry>
         <BuildActionEntry
            buildForAnalyzing = "YES"
            buildForTesting = "YES"
            buildForRunning = "NO"
            buildForProfiling = "NO"
            buildForArchiving = "NO">
            <BuildableReference
               BuildableIdentifier = 'primary'
               BlueprintIdentifier = 'C62563CB568259AD5FD9CFD5'
               BlueprintName = 'MarvelTests'
               ReferencedContainer = 'container:Marvel.xcodeproj'
               BuildableName = 'MarvelTests.xctest'>
            </BuildableReference>
         </BuildActionEntry>
      </BuildActionEntries>
   </BuildAction>
   <TestAction
      selectedDebuggerIdentifier = "Xcode.DebuggerFoundation.Debugger.LLDB"
      selectedLauncherIdentifier = "Xcode.DebuggerFoundation.Launcher.LLDB"
      shouldUseLaunchSchemeArgsEnv = "YES"
      buildConfiguration = "debug">
      <AdditionalOptions>
      </AdditionalOptions>
      <Testables>
         <TestableReference
            skipped = "NO">
            <BuildableReference
               BuildableIdentifier = 'primary'
               BlueprintIdentifier = 'C62563CB568259AD5FD9CFD5'
               BlueprintName = 'MarvelTests'
               ReferencedContainer = 'container:Marvel.xcodeproj'
               BuildableName = 'MarvelTests.xctest'>
            </BuildableReference>
         </TestableReference>
      </Testables>
   </TestAction>
   <LaunchAction
      selectedDebuggerIdentifier = "Xcode.DebuggerFoundation.Debugger.LLDB"
      selectedLauncherIdentifier = "Xcode.DebuggerFoundation.Launcher.LLDB"
      launchStyle = "0"
      useCustomWorkingDirectory = "NO"
      ignoresPersistentStateOnLaunch = "NO"
      debugDocumentVersioning = "YES"
      debugServiceExtension = "internal"
      buildConfiguration = "debug"
      allowLocationSimulation = "YES">
      <AdditionalOptions>
      </AdditionalOptions>
      <BuildableProductRunnable
         runnableDebuggingMode = "0">
         <BuildableReference
            BuildableIdentifier = 'primary'
            BlueprintIdentifier = '6DDB1BA75D1DA1BC74B371A7'
            BlueprintName = 'Marvel'
            ReferencedContainer = 'container:Marvel.xcodeproj'
            BuildableName = 'Marvel.app'>
         </BuildableReference>
      </BuildableProductRunnable>
   </LaunchAction>
   <ProfileAction
      savedToolIdentifier = ""
      useCustomWorkingDirectory = "NO"
      debugDocumentVersioning = "YES"
      buildConfiguration = "Debug"
      shouldUseLaunchSchemeArgsEnv = "YES">
      <BuildableProductRunnable>
         <BuildableReference
            BuildableIdentifier = 'primary'
            BlueprintIdentifier = '6DDB1BA75D1DA1BC74B371A7'
            BlueprintName = 'Marvel'
            ReferencedContainer = 'container:Marvel.xcodeproj'
            BuildableName = 'Marvel.app'>
         </BuildableReference>
      </BuildableProductRunnable>
   </ProfileAction>
   <AnalyzeAction
      buildConfiguration = "Debug">
   </AnalyzeAction>
   <ArchiveAction
      buildConfiguration = "release"
      revealArchiveInOrganizer = "YES">
   </ArchiveAction>
</Scheme>
